
Microsoft Visual Studio Solution File, Format Version 12.00
# Visual Studio Version 16
VisualStudioVersion = 16.0.29409.12
MinimumVisualStudioVersion = 10.0.40219.1
Project("{8BC9CEB8-8B4A-11D0-8D11-00A0C91BC942}") = "HW", "HW\HW.vcxproj", "{ABC747D6-7A97-491D-B1C0-CABE1F044773}"
EndProject
Global
	GlobalSection(SolutionConfigurationPlatforms) = preSolution
		Debug|x64 = Debug|x64
		Debug|x86 = Debug|x86
		Release|x64 = Release|x64
		Release|x86 = Release|x86
	EndGlobalSection
	GlobalSection(ProjectConfigurationPlatforms) = postSolution
		{ABC747D6-7A97-491D-B1C0-CABE1F044773}.Debug|x64.ActiveCfg = Debug|x64
		{ABC747D6-7A97-491D-B1C0-CABE1F044773}.Debug|x64.Build.0 = Debug|x64
		{ABC747D6-7A97-491D-B1C0-CABE1F044773}.Debug|x86.ActiveCfg = Debug|Win32
		{ABC747D6-7A97-491D-B1C0-CABE1F044773}.Debug|x86.Build.0 = Debug|Win32
		{ABC747D6-7A97-491D-B1C0-CABE1F044773}.Release|x64.ActiveCfg = Release|x64
		{ABC747D6-7A97-491D-B1C0-CABE1F044773}.Release|x64.Build.0 = Release|x64
		{ABC747D6-7A97-491D-B1C0-CABE1F044773}.Release|x86.ActiveCfg = Release|Win32
		{ABC747D6-7A97-491D-B1C0-CABE1F044773}.Release|x86.Build.0 = Release|Win32
	EndGlobalSection
	GlobalSection(SolutionProperties) = preSolution
		HideSolutionNode = FALSE
	EndGlobalSection
	GlobalSection(ExtensibilityGlobals) = postSolution
		SolutionGuid = {2EB79CDC-6368-4619-B750-48A00601FAAF}
	EndGlobalSection
EndGlobal
